{
  "name": "vue-todolist",
  "version": "1.0.0",
  "lockfileVersion": 1,
  "dependencies": {
    "todomvc-app-css": {
      "version": "2.1.0",
      "resolved": "http://registry.npm.taobao.org/todomvc-app-css/download/todomvc-app-css-2.1.0.tgz",
      "integrity": "sha1-tvJxbTOa+i5feZNH0qSLBTliQqU="
    },
    "underscore": {
      "version": "1.8.3",
      "resolved": "http://registry.npm.taobao.org/underscore/download/underscore-1.8.3.tgz",
      "integrity": "sha1-Tz+1OxBuYJf8+ctBCfKl6b36UCI="
    },
    "vue": {
      "version": "2.5.3",
      "resolved": "http://registry.npm.taobao.org/vue/download/vue-2.5.3.tgz",
      "integrity": "sha1-4aOx9Jtuk+V0zgQLlcvIc5Ev7ME="
    }
  }
}
